{
  "name": "semantic-release-presets-plugins-custom-changelog",
  "version": "1.0.0",
  "lockfileVersion": 3,
  "requires": true,
  "packages": {
    "": {
      "name": "semantic-release-presets-plugins-custom-changelog",
      "version": "1.0.0",
      "license": "MIT",
      "dependencies": {
        "@semantic-release/error": "^4.0.0",
        "es-toolkit": "^1.39.10"
      }
    },
    "node_modules/@semantic-release/error": {
      "version": "4.0.0",
      "resolved": "https://registry.npmjs.org/@semantic-release/error/-/error-4.0.0.tgz",
      "integrity": "sha512-mgdxrHTLOjOddRVYIYDo0fR3/v61GNN1YGkfbrjuIKg/uMgCd+Qzo3UAXJ+woLQQpos4pl5Esuw5A7AoNlzjUQ==",
      "license": "MIT",
      "engines": {
        "node": ">=18"
      }
    },
    "node_modules/es-toolkit": {
      "version": "1.39.10",
      "resolved": "https://registry.npmjs.org/es-toolkit/-/es-toolkit-1.39.10.tgz",
      "integrity": "sha512-E0iGnTtbDhkeczB0T+mxmoVlT4YNweEKBLq7oaU4p11mecdsZpNWOglI4895Vh4usbQ+LsJiuLuI2L0Vdmfm2w==",
      "license": "MIT",
      "workspaces": [
        "docs",
        "benchmarks"
      ]
    }
  }
}
