{
  "name": "semantic-release-presets-plugins-custom-changelog",
  "version": "1.0.0",
  "lockfileVersion": 3,
  "requires": true,
  "packages": {
    "": {
      "name": "semantic-release-presets-plugins-custom-changelog",
      "version": "1.0.0",
      "license": "MIT",
      "dependencies": {
        "@semantic-release/error": "^4.0.0",
        "es-toolkit": "^1.29.0"
      }
    },
    "node_modules/@semantic-release/error": {
      "version": "4.0.0",
      "resolved": "https://registry.npmjs.org/@semantic-release/error/-/error-4.0.0.tgz",
      "integrity": "sha512-mgdxrHTLOjOddRVYIYDo0fR3/v61GNN1YGkfbrjuIKg/uMgCd+Qzo3UAXJ+woLQQpos4pl5Esuw5A7AoNlzjUQ==",
      "license": "MIT",
      "engines": {
        "node": ">=18"
      }
    },
    "node_modules/es-toolkit": {
      "version": "1.29.0",
      "resolved": "https://registry.npmjs.org/es-toolkit/-/es-toolkit-1.29.0.tgz",
      "integrity": "sha512-GjTll+E6APcfAQA09D89HdT8Qn2Yb+TeDSDBTMcxAo+V+w1amAtCI15LJu4YPH/UCPoSo/F47Gr1LIM0TE0lZA==",
      "license": "MIT",
      "workspaces": [
        "docs",
        "benchmarks"
      ]
    }
  }
}
